
Microsoft Visual Studio Solution File, Format Version 12.00
# Visual Studio Version 17
VisualStudioVersion = 17.7.34024.191
MinimumVisualStudioVersion = 10.0.40219.1
Project("{FAE04EC0-301F-11D3-BF4B-00C04F79EFBC}") = "JobInterviewTestConsole", "JobInterviewTestConsole.csproj", "{0ABF4928-AEB5-4A5D-81E1-6DEC309E279C}"
EndProject
Global
	GlobalSection(SolutionConfigurationPlatforms) = preSolution
		Debug|Any CPU = Debug|Any CPU
		Release|Any CPU = Release|Any CPU
	EndGlobalSection
	GlobalSection(ProjectConfigurationPlatforms) = postSolution
		{0ABF4928-AEB5-4A5D-81E1-6DEC309E279C}.Debug|Any CPU.ActiveCfg = Debug|Any CPU
		{0ABF4928-AEB5-4A5D-81E1-6DEC309E279C}.Debug|Any CPU.Build.0 = Debug|Any CPU
		{0ABF4928-AEB5-4A5D-81E1-6DEC309E279C}.Release|Any CPU.ActiveCfg = Release|Any CPU
		{0ABF4928-AEB5-4A5D-81E1-6DEC309E279C}.Release|Any CPU.Build.0 = Release|Any CPU
	EndGlobalSection
	GlobalSection(SolutionProperties) = preSolution
		HideSolutionNode = FALSE
	EndGlobalSection
	GlobalSection(ExtensibilityGlobals) = postSolution
		SolutionGuid = {020F9A82-57A3-4607-AE13-898B1F2EA772}
	EndGlobalSection
EndGlobal
